<?xml version="1.0" encoding="utf-8"?>
<Project ToolsVersion="4.0" xmlns="http://schemas.microsoft.com/developer/msbuild/2003">
  <ItemGroup>
    <ClInclude Include="src\Aise.h" />
    <ClInclude Include="src\interpretter\Binding.h">
      <Filter>interpretter</Filter>
    </ClInclude>
    <ClInclude Include="src\interpretter\Environment.h">
      <Filter>interpretter</Filter>
    </ClInclude>
    <ClInclude Include="src\interpretter\Result.h">
      <Filter>interpretter</Filter>
    </ClInclude>
    <ClInclude Include="src\interpretter\Source.h">
      <Filter>interpretter</Filter>
    </ClInclude>
    <ClInclude Include="src\interpretter\Token.h">
      <Filter>interpretter</Filter>
    </ClInclude>
    <ClInclude Include="src\interpretter\Tokenizer.h">
      <Filter>interpretter</Filter>
    </ClInclude>
    <ClInclude Include="src\runtime\Functions.h">
      <Filter>runtime</Filter>
    </ClInclude>
    <ClInclude Include="src\runtime\Logic.h">
      <Filter>runtime</Filter>
    </ClInclude>
    <ClInclude Include="src\runtime\Flow.h">
      <Filter>runtime</Filter>
    </ClInclude>
    <ClInclude Include="src\tests\Catch.h">
      <Filter>tests</Filter>
    </ClInclude>
    <ClInclude Include="src\values\Function.h">
      <Filter>values</Filter>
    </ClInclude>
    <ClInclude Include="src\values\Integer.h">
      <Filter>values</Filter>
    </ClInclude>
    <ClInclude Include="src\values\InterprettedFunction.h">
      <Filter>values</Filter>
    </ClInclude>
    <ClInclude Include="src\values\List.h">
      <Filter>values</Filter>
    </ClInclude>
    <ClInclude Include="src\values\NativeFunction.h">
      <Filter>values</Filter>
    </ClInclude>
    <ClInclude Include="src\values\Real.h">
      <Filter>values</Filter>
    </ClInclude>
    <ClInclude Include="src\values\SExp.h">
      <Filter>values</Filter>
    </ClInclude>
    <ClInclude Include="src\values\Symbol.h">
      <Filter>values</Filter>
    </ClInclude>
    <ClInclude Include="src\values\Value.h">
      <Filter>values</Filter>
    </ClInclude>
    <ClInclude Include="src\values\Boolean.h">
      <Filter>values</Filter>
    </ClInclude>
    <ClInclude Include="src\runtime\Arithmetic.h">
      <Filter>runtime</Filter>
    </ClInclude>
  </ItemGroup>
  <ItemGroup>
    <ClCompile Include="src\aise.cpp" />
    <ClCompile Include="src\interpretter\Environment.cpp">
      <Filter>interpretter</Filter>
    </ClCompile>
    <ClCompile Include="src\interpretter\Result.cpp">
      <Filter>interpretter</Filter>
    </ClCompile>
    <ClCompile Include="src\interpretter\Source.cpp">
      <Filter>interpretter</Filter>
    </ClCompile>
    <ClCompile Include="src\interpretter\Token.cpp">
      <Filter>interpretter</Filter>
    </ClCompile>
    <ClCompile Include="src\interpretter\Tokenizer.cpp">
      <Filter>interpretter</Filter>
    </ClCompile>
    <ClCompile Include="src\interpretter\Binding.cpp">
      <Filter>interpretter</Filter>
    </ClCompile>
    <ClCompile Include="src\runtime\Logic.cpp">
      <Filter>runtime</Filter>
    </ClCompile>
    <ClCompile Include="src\runtime\Flow.cpp">
      <Filter>runtime</Filter>
    </ClCompile>
    <ClCompile Include="src\runtime\Functions.cpp">
      <Filter>runtime</Filter>
    </ClCompile>
    <ClCompile Include="src\tests\LogicTests.cpp">
      <Filter>tests</Filter>
    </ClCompile>
    <ClCompile Include="src\tests\MathTests.cpp">
      <Filter>tests</Filter>
    </ClCompile>
    <ClCompile Include="src\tests\FunctionTests.cpp">
      <Filter>tests</Filter>
    </ClCompile>
    <ClCompile Include="src\values\Integer.cpp">
      <Filter>values</Filter>
    </ClCompile>
    <ClCompile Include="src\values\InterprettedFunction.cpp">
      <Filter>values</Filter>
    </ClCompile>
    <ClCompile Include="src\values\List.cpp">
      <Filter>values</Filter>
    </ClCompile>
    <ClCompile Include="src\values\NativeFunction.cpp">
      <Filter>values</Filter>
    </ClCompile>
    <ClCompile Include="src\values\Real.cpp">
      <Filter>values</Filter>
    </ClCompile>
    <ClCompile Include="src\values\SExp.cpp">
      <Filter>values</Filter>
    </ClCompile>
    <ClCompile Include="src\values\Symbol.cpp">
      <Filter>values</Filter>
    </ClCompile>
    <ClCompile Include="src\values\Value.cpp">
      <Filter>values</Filter>
    </ClCompile>
    <ClCompile Include="src\values\Boolean.cpp">
      <Filter>values</Filter>
    </ClCompile>
    <ClCompile Include="src\values\Function.cpp">
      <Filter>values</Filter>
    </ClCompile>
    <ClCompile Include="src\runtime\Arithmetic.cpp">
      <Filter>runtime</Filter>
    </ClCompile>
  </ItemGroup>
  <ItemGroup>
    <Filter Include="interpretter">
      <UniqueIdentifier>{cc89ce79-e5da-4e16-aee8-c63eaa831a44}</UniqueIdentifier>
    </Filter>
    <Filter Include="runtime">
      <UniqueIdentifier>{975769bf-9f23-4b32-83c1-310dd673f143}</UniqueIdentifier>
    </Filter>
    <Filter Include="tests">
      <UniqueIdentifier>{557a16f0-c5fe-42ba-9778-4504164a678b}</UniqueIdentifier>
    </Filter>
    <Filter Include="values">
      <UniqueIdentifier>{cc4891e9-b694-444d-9480-253c7a20ab2f}</UniqueIdentifier>
    </Filter>
  </ItemGroup>
</Project>