<?xml version="1.0" encoding="utf-8"?>
<Project ToolsVersion="4.0" xmlns="http://schemas.microsoft.com/developer/msbuild/2003">
  <ItemGroup>
    <ClInclude Include="src\Aise.h" />
    <ClInclude Include="src\Binding.h" />
    <ClInclude Include="src\Boolean.h" />
    <ClInclude Include="src\Catch.h" />
    <ClInclude Include="src\Environment.h" />
    <ClInclude Include="src\Integer.h" />
    <ClInclude Include="src\InterprettedMethod.h" />
    <ClInclude Include="src\List.h" />
    <ClInclude Include="src\Logic.h" />
    <ClInclude Include="src\Math.h" />
    <ClInclude Include="src\Method.h" />
    <ClInclude Include="src\Methods.h" />
    <ClInclude Include="src\NativeMethod.h" />
    <ClInclude Include="src\Real.h" />
    <ClInclude Include="src\Result.h" />
    <ClInclude Include="src\SExp.h" />
    <ClInclude Include="src\Source.h" />
    <ClInclude Include="src\Symbol.h" />
    <ClInclude Include="src\Token.h" />
    <ClInclude Include="src\Tokenizer.h" />
    <ClInclude Include="src\Value.h" />
  </ItemGroup>
  <ItemGroup>
    <ClCompile Include="src\Binding.cpp" />
    <ClCompile Include="src\Boolean.cpp" />
    <ClCompile Include="src\Environment.cpp" />
    <ClCompile Include="src\Integer.cpp" />
    <ClCompile Include="src\InterprettedMethod.cpp" />
    <ClCompile Include="src\List.cpp" />
    <ClCompile Include="src\Logic.cpp" />
    <ClCompile Include="src\LogicTests.cpp" />
    <ClCompile Include="src\Math.cpp" />
    <ClCompile Include="src\MathTests.cpp" />
    <ClCompile Include="src\Method.cpp" />
    <ClCompile Include="src\Methods.cpp" />
    <ClCompile Include="src\NativeMethod.cpp" />
    <ClCompile Include="src\Real.cpp" />
    <ClCompile Include="src\Result.cpp" />
    <ClCompile Include="src\SExp.cpp" />
    <ClCompile Include="src\Source.cpp" />
    <ClCompile Include="src\Symbol.cpp" />
    <ClCompile Include="src\Token.cpp" />
    <ClCompile Include="src\Tokenizer.cpp" />
    <ClCompile Include="src\Value.cpp" />
    <ClCompile Include="src\aise.cpp" />
  </ItemGroup>
</Project>