// !$*UTF8*$!
{
	archiveVersion = 1;
	classes = {
	};
	objectVersion = 46;
	objects = {

/* Begin PBXGroup section */
		EFB35A381B1B7D2600666254 = {
			isa = PBXGroup;
			children = (
			);
			sourceTree = "<group>";
		};
/* End PBXGroup section */

/* Begin PBXProject section */
		EFB35A391B1B7D2600666254 /* Project object */ = {
			isa = PBXProject;
			attributes = {
				LastUpgradeCheck = 0630;
			};
			buildConfigurationList = EFB35A3C1B1B7D2600666254 /* Build configuration list for PBXProject "aise" */;
			compatibilityVersion = "Xcode 3.2";
			developmentRegion = English;
			hasScannedForEncodings = 0;
			knownRegions = (
				en,
			);
			mainGroup = EFB35A381B1B7D2600666254;
			projectDirPath = "";
			projectRoot = "";
			targets = (
			);
		};
/* End PBXProject section */

/* Begin XCBuildConfiguration section */
		EFB35A3D1B1B7D2600666254 /* Debug */ = {
			isa = XCBuildConfiguration;
			buildSettings = {
			};
			name = Debug;
		};
		EFB35A3E1B1B7D2600666254 /* Release */ = {
			isa = XCBuildConfiguration;
			buildSettings = {
			};
			name = Release;
		};
/* End XCBuildConfiguration section */

/* Begin XCConfigurationList section */
		EFB35A3C1B1B7D2600666254 /* Build configuration list for PBXProject "aise" */ = {
			isa = XCConfigurationList;
			buildConfigurations = (
				EFB35A3D1B1B7D2600666254 /* Debug */,
				EFB35A3E1B1B7D2600666254 /* Release */,
			);
			defaultConfigurationIsVisible = 0;
			defaultConfigurationName = Release;
		};
/* End XCConfigurationList section */
	};
	rootObject = EFB35A391B1B7D2600666254 /* Project object */;
}
